<?xml version="1.0" encoding="utf-8"?>
<Project ToolsVersion="4.0" xmlns="http://schemas.microsoft.com/developer/msbuild/2003">
  <ItemGroup>
    <Filter Include="Исходные файлы">
      <UniqueIdentifier>{4FC737F1-C7A5-4376-A066-2A32D752A2FF}</UniqueIdentifier>
      <Extensions>cpp;c;cc;cxx;c++;cppm;ixx;def;odl;idl;hpj;bat;asm;asmx</Extensions>
    </Filter>
    <Filter Include="Файлы заголовков">
      <UniqueIdentifier>{93995380-89BD-4b04-88EB-625FBE52EBFB}</UniqueIdentifier>
      <Extensions>h;hh;hpp;hxx;h++;hm;inl;inc;ipp;xsd</Extensions>
    </Filter>
    <Filter Include="Файлы ресурсов">
      <UniqueIdentifier>{67DA6AB6-F800-4c08-8B7A-83BB121AAD01}</UniqueIdentifier>
      <Extensions>rc;ico;cur;bmp;dlg;rc2;rct;bin;rgs;gif;jpg;jpeg;jpe;resx;tiff;tif;png;wav;mfcribbon-ms</Extensions>
    </Filter>
    <Filter Include="Исходные файлы\Client">
      <UniqueIdentifier>{d51220b4-d471-4344-a7f9-8ac4121ad395}</UniqueIdentifier>
    </Filter>
    <Filter Include="Исходные файлы\ClinicMain">
      <UniqueIdentifier>{98db447e-efb1-42d7-ad0b-86c2c1b5005b}</UniqueIdentifier>
    </Filter>
    <Filter Include="Исходные файлы\ClientList">
      <UniqueIdentifier>{4d3126f9-cafd-4d57-9ed4-c0dd444879cb}</UniqueIdentifier>
    </Filter>
    <Filter Include="Исходные файлы\Menu">
      <UniqueIdentifier>{10bc1b78-6fbc-457e-8d22-e8ad2af5ac74}</UniqueIdentifier>
    </Filter>
    <Filter Include="Исходные файлы\ClientInputScreen">
      <UniqueIdentifier>{437a26ad-0db4-4225-a537-285fde319297}</UniqueIdentifier>
    </Filter>
    <Filter Include="Исходные файлы\Expenses">
      <UniqueIdentifier>{e2c7cdec-73fe-4263-8416-937fdcb758be}</UniqueIdentifier>
    </Filter>
    <Filter Include="Исходные файлы\ExpensesRecord">
      <UniqueIdentifier>{5ed884b9-b318-4fb1-8848-787d1aac5edf}</UniqueIdentifier>
    </Filter>
    <Filter Include="Исходные файлы\ExpensesInputScreen">
      <UniqueIdentifier>{c2610ab1-82a7-4d72-bc37-6651b2011131}</UniqueIdentifier>
    </Filter>
    <Filter Include="Исходные файлы\SeeDoctorInputScreen">
      <UniqueIdentifier>{31dfd740-3e1c-473e-8ba3-116d47c5ebb2}</UniqueIdentifier>
    </Filter>
    <Filter Include="Исходные файлы\SeeDoctorRecord">
      <UniqueIdentifier>{5e8bbc46-97e8-48ab-9b0d-c556a767f081}</UniqueIdentifier>
    </Filter>
    <Filter Include="Исходные файлы\SeeDoctor">
      <UniqueIdentifier>{7f86f63e-5007-4429-9479-c90ca0502c6d}</UniqueIdentifier>
    </Filter>
  </ItemGroup>
  <ItemGroup>
    <ClCompile Include="Client.cpp">
      <Filter>Исходные файлы\Client</Filter>
    </ClCompile>
    <ClCompile Include="ClientList.cpp">
      <Filter>Исходные файлы\ClientList</Filter>
    </ClCompile>
    <ClCompile Include="ClinicMain.cpp">
      <Filter>Исходные файлы\ClinicMain</Filter>
    </ClCompile>
    <ClCompile Include="Clinic.cpp">
      <Filter>Исходные файлы\ClinicMain</Filter>
    </ClCompile>
    <ClCompile Include="ClientInputScreen.cpp">
      <Filter>Исходные файлы\ClientInputScreen</Filter>
    </ClCompile>
    <ClCompile Include="Menu.cpp">
      <Filter>Исходные файлы\Menu</Filter>
    </ClCompile>
    <ClCompile Include="ExpensesRecord.cpp">
      <Filter>Исходные файлы\ExpensesRecord</Filter>
    </ClCompile>
    <ClCompile Include="ExpensesInputScreen.cpp">
      <Filter>Исходные файлы\ExpensesInputScreen</Filter>
    </ClCompile>
    <ClCompile Include="SeeDoctorRecord.cpp">
      <Filter>Исходные файлы\SeeDoctorRecord</Filter>
    </ClCompile>
    <ClCompile Include="SeeDoctorInputScreen.cpp">
      <Filter>Исходные файлы\SeeDoctorInputScreen</Filter>
    </ClCompile>
    <ClCompile Include="SeeDoctor.cpp">
      <Filter>Исходные файлы\SeeDoctor</Filter>
    </ClCompile>
  </ItemGroup>
  <ItemGroup>
    <ClInclude Include="Client.h">
      <Filter>Исходные файлы\Client</Filter>
    </ClInclude>
    <ClInclude Include="ClientList.h">
      <Filter>Исходные файлы\ClientList</Filter>
    </ClInclude>
    <ClInclude Include="Clinic.h">
      <Filter>Исходные файлы\ClinicMain</Filter>
    </ClInclude>
    <ClInclude Include="ClientInputScreen.h">
      <Filter>Исходные файлы\ClientInputScreen</Filter>
    </ClInclude>
    <ClInclude Include="Menu.h">
      <Filter>Исходные файлы\Menu</Filter>
    </ClInclude>
    <ClInclude Include="Expenses.h">
      <Filter>Исходные файлы\Expenses</Filter>
    </ClInclude>
    <ClInclude Include="ExpensesRecord.h">
      <Filter>Исходные файлы\ExpensesRecord</Filter>
    </ClInclude>
    <ClInclude Include="ExpensesInputScreen.h">
      <Filter>Исходные файлы\ExpensesInputScreen</Filter>
    </ClInclude>
    <ClInclude Include="SeeDoctor.h">
      <Filter>Исходные файлы\SeeDoctor</Filter>
    </ClInclude>
    <ClInclude Include="SeeDoctorRecord.h">
      <Filter>Исходные файлы\SeeDoctorRecord</Filter>
    </ClInclude>
    <ClInclude Include="SeeDoctorInputScreen.h">
      <Filter>Исходные файлы\SeeDoctorInputScreen</Filter>
    </ClInclude>
  </ItemGroup>
</Project>