<?xml version="1.0" encoding="utf-8"?>
<Project ToolsVersion="4.0" xmlns="http://schemas.microsoft.com/developer/msbuild/2003">
  <ItemGroup>
    <Filter Include="Исходные файлы">
      <UniqueIdentifier>{4FC737F1-C7A5-4376-A066-2A32D752A2FF}</UniqueIdentifier>
      <Extensions>cpp;c;cc;cxx;c++;cppm;ixx;def;odl;idl;hpj;bat;asm;asmx</Extensions>
    </Filter>
    <Filter Include="Файлы заголовков">
      <UniqueIdentifier>{93995380-89BD-4b04-88EB-625FBE52EBFB}</UniqueIdentifier>
      <Extensions>h;hh;hpp;hxx;h++;hm;inl;inc;ipp;xsd</Extensions>
    </Filter>
    <Filter Include="Файлы ресурсов">
      <UniqueIdentifier>{67DA6AB6-F800-4c08-8B7A-83BB121AAD01}</UniqueIdentifier>
      <Extensions>rc;ico;cur;bmp;dlg;rc2;rct;bin;rgs;gif;jpg;jpeg;jpe;resx;tiff;tif;png;wav;mfcribbon-ms</Extensions>
    </Filter>
    <Filter Include="Исходные файлы\Client">
      <UniqueIdentifier>{d51220b4-d471-4344-a7f9-8ac4121ad395}</UniqueIdentifier>
    </Filter>
    <Filter Include="Исходные файлы\ClinicMain">
      <UniqueIdentifier>{98db447e-efb1-42d7-ad0b-86c2c1b5005b}</UniqueIdentifier>
    </Filter>
    <Filter Include="Исходные файлы\ClientList">
      <UniqueIdentifier>{4d3126f9-cafd-4d57-9ed4-c0dd444879cb}</UniqueIdentifier>
    </Filter>
    <Filter Include="Исходные файлы\Menu">
      <UniqueIdentifier>{10bc1b78-6fbc-457e-8d22-e8ad2af5ac74}</UniqueIdentifier>
    </Filter>
    <Filter Include="Исходные файлы\ClientInputScreen">
      <UniqueIdentifier>{437a26ad-0db4-4225-a537-285fde319297}</UniqueIdentifier>
    </Filter>
    <Filter Include="Исходные файлы\Expenses">
      <UniqueIdentifier>{e2c7cdec-73fe-4263-8416-937fdcb758be}</UniqueIdentifier>
    </Filter>
    <Filter Include="Исходные файлы\ExpensesRecord">
      <UniqueIdentifier>{5ed884b9-b318-4fb1-8848-787d1aac5edf}</UniqueIdentifier>
    </Filter>
    <Filter Include="Исходные файлы\ExpensesInputScreen">
      <UniqueIdentifier>{c2610ab1-82a7-4d72-bc37-6651b2011131}</UniqueIdentifier>
    </Filter>
    <Filter Include="Исходные файлы\SeeDoctor">
      <UniqueIdentifier>{f4663c6d-9422-4bb3-935b-2101dd0e2486}</UniqueIdentifier>
    </Filter>
    <Filter Include="Исходные файлы\SeeDoctorRecord">
      <UniqueIdentifier>{32d7d89b-af79-49e5-84cb-c033ba478644}</UniqueIdentifier>
    </Filter>
    <Filter Include="Исходные файлы\SeeDoctorInputScreen">
      <UniqueIdentifier>{dc9fb745-c649-46b2-808a-d55de788dab5}</UniqueIdentifier>
    </Filter>
    <Filter Include="Исходные файлы\ProlongInsScreen">
      <UniqueIdentifier>{bb23dc6c-fcf3-4918-86f8-890eda9a0f64}</UniqueIdentifier>
    </Filter>
    <Filter Include="Исходные файлы\IncomeRecord">
      <UniqueIdentifier>{97d3e44a-df1a-4220-a3bb-6914a42a28d9}</UniqueIdentifier>
    </Filter>
    <Filter Include="Исходные файлы\Income">
      <UniqueIdentifier>{079ea2ec-ad9f-4b49-9bed-4282530ed58c}</UniqueIdentifier>
    </Filter>
    <Filter Include="Исходные файлы\AnnualReportScreen">
      <UniqueIdentifier>{e469a2b7-9c49-4d7c-a290-63ed7ddaeafe}</UniqueIdentifier>
    </Filter>
  </ItemGroup>
  <ItemGroup>
    <ClCompile Include="Client.cpp">
      <Filter>Исходные файлы\Client</Filter>
    </ClCompile>
    <ClCompile Include="ClientList.cpp">
      <Filter>Исходные файлы\ClientList</Filter>
    </ClCompile>
    <ClCompile Include="ClinicMain.cpp">
      <Filter>Исходные файлы\ClinicMain</Filter>
    </ClCompile>
    <ClCompile Include="Clinic.cpp">
      <Filter>Исходные файлы\ClinicMain</Filter>
    </ClCompile>
    <ClCompile Include="ClientInputScreen.cpp">
      <Filter>Исходные файлы\ClientInputScreen</Filter>
    </ClCompile>
    <ClCompile Include="Menu.cpp">
      <Filter>Исходные файлы\Menu</Filter>
    </ClCompile>
    <ClCompile Include="ExpensesRecord.cpp">
      <Filter>Исходные файлы\ExpensesRecord</Filter>
    </ClCompile>
    <ClCompile Include="ExpensesInputScreen.cpp">
      <Filter>Исходные файлы\ExpensesInputScreen</Filter>
    </ClCompile>
    <ClCompile Include="seeDoctorInputScreen.cpp">
      <Filter>Исходные файлы\SeeDoctorInputScreen</Filter>
    </ClCompile>
    <ClCompile Include="seeDoctorRecord.cpp">
      <Filter>Исходные файлы\SeeDoctorRecord</Filter>
    </ClCompile>
    <ClCompile Include="seeDoctor.cpp">
      <Filter>Исходные файлы\SeeDoctor</Filter>
    </ClCompile>
    <ClCompile Include="ProlongInsScreen.cpp">
      <Filter>Исходные файлы\ProlongInsScreen</Filter>
    </ClCompile>
    <ClCompile Include="IncomeRecord.cpp">
      <Filter>Исходные файлы\IncomeRecord</Filter>
    </ClCompile>
    <ClCompile Include="AnnualReportScreen.cpp">
      <Filter>Исходные файлы\AnnualReportScreen</Filter>
    </ClCompile>
  </ItemGroup>
  <ItemGroup>
    <ClInclude Include="Client.h">
      <Filter>Исходные файлы\Client</Filter>
    </ClInclude>
    <ClInclude Include="Clinic.h">
      <Filter>Исходные файлы\ClinicMain</Filter>
    </ClInclude>
    <ClInclude Include="ClientInputScreen.h">
      <Filter>Исходные файлы\ClientInputScreen</Filter>
    </ClInclude>
    <ClInclude Include="Menu.h">
      <Filter>Исходные файлы\Menu</Filter>
    </ClInclude>
    <ClInclude Include="Expenses.h">
      <Filter>Исходные файлы\Expenses</Filter>
    </ClInclude>
    <ClInclude Include="ExpensesRecord.h">
      <Filter>Исходные файлы\ExpensesRecord</Filter>
    </ClInclude>
    <ClInclude Include="ExpensesInputScreen.h">
      <Filter>Исходные файлы\ExpensesInputScreen</Filter>
    </ClInclude>
    <ClInclude Include="ClientList.h">
      <Filter>Исходные файлы\ClientList</Filter>
    </ClInclude>
    <ClInclude Include="seeDoctorInputScreen.h">
      <Filter>Исходные файлы\SeeDoctorInputScreen</Filter>
    </ClInclude>
    <ClInclude Include="seeDoctorRecord.h">
      <Filter>Исходные файлы\SeeDoctorRecord</Filter>
    </ClInclude>
    <ClInclude Include="seeDoctor.h">
      <Filter>Исходные файлы\SeeDoctor</Filter>
    </ClInclude>
    <ClInclude Include="ProlongInsScreen.h">
      <Filter>Исходные файлы\ProlongInsScreen</Filter>
    </ClInclude>
    <ClInclude Include="IncomeRecord.h">
      <Filter>Исходные файлы\IncomeRecord</Filter>
    </ClInclude>
    <ClInclude Include="Income.h">
      <Filter>Исходные файлы\Income</Filter>
    </ClInclude>
    <ClInclude Include="AnnualReportScreen.h">
      <Filter>Исходные файлы\AnnualReportScreen</Filter>
    </ClInclude>
  </ItemGroup>
</Project>