<?xml version="1.0" encoding="utf-8"?>
<Project ToolsVersion="4.0" xmlns="http://schemas.microsoft.com/developer/msbuild/2003">
  <ItemGroup>
    <Filter Include="Исходные файлы">
      <UniqueIdentifier>{4FC737F1-C7A5-4376-A066-2A32D752A2FF}</UniqueIdentifier>
      <Extensions>cpp;c;cc;cxx;c++;cppm;ixx;def;odl;idl;hpj;bat;asm;asmx</Extensions>
    </Filter>
    <Filter Include="Файлы заголовков">
      <UniqueIdentifier>{93995380-89BD-4b04-88EB-625FBE52EBFB}</UniqueIdentifier>
      <Extensions>h;hh;hpp;hxx;h++;hm;inl;inc;ipp;xsd</Extensions>
    </Filter>
    <Filter Include="Файлы ресурсов">
      <UniqueIdentifier>{67DA6AB6-F800-4c08-8B7A-83BB121AAD01}</UniqueIdentifier>
      <Extensions>rc;ico;cur;bmp;dlg;rc2;rct;bin;rgs;gif;jpg;jpeg;jpe;resx;tiff;tif;png;wav;mfcribbon-ms</Extensions>
    </Filter>
    <Filter Include="Исходные файлы\Client">
      <UniqueIdentifier>{d51220b4-d471-4344-a7f9-8ac4121ad395}</UniqueIdentifier>
    </Filter>
    <Filter Include="Исходные файлы\ClinicMain">
      <UniqueIdentifier>{98db447e-efb1-42d7-ad0b-86c2c1b5005b}</UniqueIdentifier>
    </Filter>
    <Filter Include="Исходные файлы\ClientList">
      <UniqueIdentifier>{4d3126f9-cafd-4d57-9ed4-c0dd444879cb}</UniqueIdentifier>
    </Filter>
    <Filter Include="Исходные файлы\NewInsurance">
      <UniqueIdentifier>{a4d23b22-1c68-4ed4-9bac-e918c15ebe01}</UniqueIdentifier>
    </Filter>
    <Filter Include="Исходные файлы\StartProgram">
      <UniqueIdentifier>{1d3824bd-d891-423a-9e93-f5e0616bc627}</UniqueIdentifier>
    </Filter>
  </ItemGroup>
  <ItemGroup>
    <ClCompile Include="Client.cpp">
      <Filter>Исходные файлы\Client</Filter>
    </ClCompile>
    <ClCompile Include="ClientList.cpp">
      <Filter>Исходные файлы\ClientList</Filter>
    </ClCompile>
    <ClCompile Include="ClinicMain.cpp">
      <Filter>Исходные файлы\ClinicMain</Filter>
    </ClCompile>
    <ClCompile Include="Clinic.cpp">
      <Filter>Исходные файлы\ClinicMain</Filter>
    </ClCompile>
    <ClCompile Include="NewInsurance.cpp">
      <Filter>Исходные файлы\NewInsurance</Filter>
    </ClCompile>
    <ClCompile Include="StartProgram.cpp">
      <Filter>Исходные файлы\StartProgram</Filter>
    </ClCompile>
  </ItemGroup>
  <ItemGroup>
    <ClInclude Include="Client.h">
      <Filter>Исходные файлы\Client</Filter>
    </ClInclude>
    <ClInclude Include="ClientList.h">
      <Filter>Исходные файлы\ClientList</Filter>
    </ClInclude>
    <ClInclude Include="Clinic.h">
      <Filter>Исходные файлы\ClinicMain</Filter>
    </ClInclude>
    <ClInclude Include="NewInsurance.h">
      <Filter>Исходные файлы\NewInsurance</Filter>
    </ClInclude>
    <ClInclude Include="StartProgram.h">
      <Filter>Исходные файлы\StartProgram</Filter>
    </ClInclude>
  </ItemGroup>
</Project>